
Microsoft Visual Studio Solution File, Format Version 12.00
# Visual Studio Version 17
VisualStudioVersion = 17.7.34031.279
MinimumVisualStudioVersion = 10.0.40219.1
Project("{8BC9CEB8-8B4A-11D0-8D11-00A0C91BC942}") = "test", "test.vcxproj", "{BAF069B8-8FC0-49D6-ADCF-A39A5103B346}"
EndProject
Global
	GlobalSection(SolutionConfigurationPlatforms) = preSolution
		Debug|x64 = Debug|x64
		Debug|x86 = Debug|x86
		Release|x64 = Release|x64
		Release|x86 = Release|x86
	EndGlobalSection
	GlobalSection(ProjectConfigurationPlatforms) = postSolution
		{BAF069B8-8FC0-49D6-ADCF-A39A5103B346}.Debug|x64.ActiveCfg = Debug|x64
		{BAF069B8-8FC0-49D6-ADCF-A39A5103B346}.Debug|x64.Build.0 = Debug|x64
		{BAF069B8-8FC0-49D6-ADCF-A39A5103B346}.Debug|x86.ActiveCfg = Debug|Win32
		{BAF069B8-8FC0-49D6-ADCF-A39A5103B346}.Debug|x86.Build.0 = Debug|Win32
		{BAF069B8-8FC0-49D6-ADCF-A39A5103B346}.Release|x64.ActiveCfg = Release|x64
		{BAF069B8-8FC0-49D6-ADCF-A39A5103B346}.Release|x64.Build.0 = Release|x64
		{BAF069B8-8FC0-49D6-ADCF-A39A5103B346}.Release|x86.ActiveCfg = Release|Win32
		{BAF069B8-8FC0-49D6-ADCF-A39A5103B346}.Release|x86.Build.0 = Release|Win32
	EndGlobalSection
	GlobalSection(SolutionProperties) = preSolution
		HideSolutionNode = FALSE
	EndGlobalSection
	GlobalSection(ExtensibilityGlobals) = postSolution
		SolutionGuid = {3EFF0B1F-594F-4DE3-A36A-30850D151122}
	EndGlobalSection
EndGlobal
